// !$*UTF8*$!
{
	archiveVersion = 1;
	classes = {
	};
	objectVersion = 46;
	objects = {

/* Begin PBXBuildFile section */
		988E42B61F6E8FDE008A67AF /* AppDelegate.swift in Sources */ = {isa = PBXBuildFile; fileRef = 988E42B51F6E8FDE008A67AF /* AppDelegate.swift */; };
		988E42BB1F6E8FDE008A67AF /* Main.storyboard in Resources */ = {isa = PBXBuildFile; fileRef = 988E42B91F6E8FDE008A67AF /* Main.storyboard */; };
		988E42BD1F6E8FDE008A67AF /* Assets.xcassets in Resources */ = {isa = PBXBuildFile; fileRef = 988E42BC1F6E8FDE008A67AF /* Assets.xcassets */; };
		988E42C01F6E8FDE008A67AF /* LaunchScreen.storyboard in Resources */ = {isa = PBXBuildFile; fileRef = 988E42BE1F6E8FDE008A67AF /* LaunchScreen.storyboard */; };
		988E42CA1F6E92C6008A67AF /* ListScreenViewController.swift in Sources */ = {isa = PBXBuildFile; fileRef = 988E42C91F6E92C6008A67AF /* ListScreenViewController.swift */; };
		988E42CC1F6E935D008A67AF /* ListScreenTableViewCell.swift in Sources */ = {isa = PBXBuildFile; fileRef = 988E42CB1F6E935D008A67AF /* ListScreenTableViewCell.swift */; };
		988E42CE1F6E9587008A67AF /* ListScreenViewModel.swift in Sources */ = {isa = PBXBuildFile; fileRef = 988E42CD1F6E9587008A67AF /* ListScreenViewModel.swift */; };
		98B373161F6FE3A000C5C6D8 /* NetworkManager.swift in Sources */ = {isa = PBXBuildFile; fileRef = 98B373151F6FE3A000C5C6D8 /* NetworkManager.swift */; };
		98B3731A1F6FE7F000C5C6D8 /* Constants.swift in Sources */ = {isa = PBXBuildFile; fileRef = 98B373191F6FE7F000C5C6D8 /* Constants.swift */; };
		98B3731C1F6FE93B00C5C6D8 /* Person.swift in Sources */ = {isa = PBXBuildFile; fileRef = 98B3731B1F6FE93B00C5C6D8 /* Person.swift */; };
		C744CC638F820F5C3264EF09 /* Pods_DemoApp.framework in Frameworks */ = {isa = PBXBuildFile; fileRef = D71E41984A1F3335F69CFD83 /* Pods_DemoApp.framework */; };
/* End PBXBuildFile section */

/* Begin PBXFileReference section */
		688019CD34E9EF48BF48F56F /* Pods-DemoApp.release.xcconfig */ = {isa = PBXFileReference; includeInIndex = 1; lastKnownFileType = text.xcconfig; name = "Pods-DemoApp.release.xcconfig"; path = "Pods/Target Support Files/Pods-DemoApp/Pods-DemoApp.release.xcconfig"; sourceTree = "<group>"; };
		988E42B21F6E8FDE008A67AF /* DemoApp.app */ = {isa = PBXFileReference; explicitFileType = wrapper.application; includeInIndex = 0; path = DemoApp.app; sourceTree = BUILT_PRODUCTS_DIR; };
		988E42B51F6E8FDE008A67AF /* AppDelegate.swift */ = {isa = PBXFileReference; lastKnownFileType = sourcecode.swift; path = AppDelegate.swift; sourceTree = "<group>"; };
		988E42BA1F6E8FDE008A67AF /* Base */ = {isa = PBXFileReference; lastKnownFileType = file.storyboard; name = Base; path = Base.lproj/Main.storyboard; sourceTree = "<group>"; };
		988E42BC1F6E8FDE008A67AF /* Assets.xcassets */ = {isa = PBXFileReference; lastKnownFileType = folder.assetcatalog; path = Assets.xcassets; sourceTree = "<group>"; };
		988E42BF1F6E8FDE008A67AF /* Base */ = {isa = PBXFileReference; lastKnownFileType = file.storyboard; name = Base; path = Base.lproj/LaunchScreen.storyboard; sourceTree = "<group>"; };
		988E42C11F6E8FDE008A67AF /* Info.plist */ = {isa = PBXFileReference; lastKnownFileType = text.plist.xml; path = Info.plist; sourceTree = "<group>"; };
		988E42C91F6E92C6008A67AF /* ListScreenViewController.swift */ = {isa = PBXFileReference; fileEncoding = 4; lastKnownFileType = sourcecode.swift; name = ListScreenViewController.swift; path = Scenes/ListScreen/ListScreenViewController.swift; sourceTree = "<group>"; };
		988E42CB1F6E935D008A67AF /* ListScreenTableViewCell.swift */ = {isa = PBXFileReference; fileEncoding = 4; lastKnownFileType = sourcecode.swift; name = ListScreenTableViewCell.swift; path = Scenes/ListScreen/ListScreenTableViewCell.swift; sourceTree = "<group>"; };
		988E42CD1F6E9587008A67AF /* ListScreenViewModel.swift */ = {isa = PBXFileReference; fileEncoding = 4; lastKnownFileType = sourcecode.swift; name = ListScreenViewModel.swift; path = Scenes/ListScreen/ListScreenViewModel.swift; sourceTree = "<group>"; };
		98B373151F6FE3A000C5C6D8 /* NetworkManager.swift */ = {isa = PBXFileReference; fileEncoding = 4; lastKnownFileType = sourcecode.swift; name = NetworkManager.swift; path = Network/NetworkManager.swift; sourceTree = "<group>"; };
		98B373191F6FE7F000C5C6D8 /* Constants.swift */ = {isa = PBXFileReference; fileEncoding = 4; lastKnownFileType = sourcecode.swift; name = Constants.swift; path = Common/Constants.swift; sourceTree = "<group>"; };
		98B3731B1F6FE93B00C5C6D8 /* Person.swift */ = {isa = PBXFileReference; fileEncoding = 4; lastKnownFileType = sourcecode.swift; name = Person.swift; path = DataModel/Person.swift; sourceTree = "<group>"; };
		A46030F25FB4FAC4C906B8A1 /* Pods-DemoApp.debug.xcconfig */ = {isa = PBXFileReference; includeInIndex = 1; lastKnownFileType = text.xcconfig; name = "Pods-DemoApp.debug.xcconfig"; path = "Pods/Target Support Files/Pods-DemoApp/Pods-DemoApp.debug.xcconfig"; sourceTree = "<group>"; };
		D71E41984A1F3335F69CFD83 /* Pods_DemoApp.framework */ = {isa = PBXFileReference; explicitFileType = wrapper.framework; includeInIndex = 0; path = Pods_DemoApp.framework; sourceTree = BUILT_PRODUCTS_DIR; };
/* End PBXFileReference section */

/* Begin PBXFrameworksBuildPhase section */
		988E42AF1F6E8FDE008A67AF /* Frameworks */ = {
			isa = PBXFrameworksBuildPhase;
			buildActionMask = 2147483647;
			files = (
				C744CC638F820F5C3264EF09 /* Pods_DemoApp.framework in Frameworks */,
			);
			runOnlyForDeploymentPostprocessing = 0;
		};
/* End PBXFrameworksBuildPhase section */

/* Begin PBXGroup section */
		56EBD092D5B6CC90058AE7A1 /* Frameworks */ = {
			isa = PBXGroup;
			children = (
				D71E41984A1F3335F69CFD83 /* Pods_DemoApp.framework */,
			);
			name = Frameworks;
			sourceTree = "<group>";
		};
		988E42A91F6E8FDE008A67AF = {
			isa = PBXGroup;
			children = (
				988E42B41F6E8FDE008A67AF /* DemoApp */,
				988E42B31F6E8FDE008A67AF /* Products */,
				C8406A18A0993C3318C6DB5A /* Pods */,
				56EBD092D5B6CC90058AE7A1 /* Frameworks */,
			);
			sourceTree = "<group>";
		};
		988E42B31F6E8FDE008A67AF /* Products */ = {
			isa = PBXGroup;
			children = (
				988E42B21F6E8FDE008A67AF /* DemoApp.app */,
			);
			name = Products;
			sourceTree = "<group>";
		};
		988E42B41F6E8FDE008A67AF /* DemoApp */ = {
			isa = PBXGroup;
			children = (
				98B373181F6FE7D400C5C6D8 /* Common */,
				98B373171F6FE70300C5C6D8 /* DataModel */,
				988E42C71F6E929D008A67AF /* Scenes */,
				98B373141F6FE37B00C5C6D8 /* Network */,
				988E42B51F6E8FDE008A67AF /* AppDelegate.swift */,
				988E42B91F6E8FDE008A67AF /* Main.storyboard */,
				988E42BC1F6E8FDE008A67AF /* Assets.xcassets */,
				988E42BE1F6E8FDE008A67AF /* LaunchScreen.storyboard */,
				988E42C11F6E8FDE008A67AF /* Info.plist */,
			);
			path = DemoApp;
			sourceTree = "<group>";
		};
		988E42C71F6E929D008A67AF /* Scenes */ = {
			isa = PBXGroup;
			children = (
				988E42C81F6E92A4008A67AF /* ListScreen */,
			);
			name = Scenes;
			sourceTree = "<group>";
		};
		988E42C81F6E92A4008A67AF /* ListScreen */ = {
			isa = PBXGroup;
			children = (
				988E42C91F6E92C6008A67AF /* ListScreenViewController.swift */,
				988E42CB1F6E935D008A67AF /* ListScreenTableViewCell.swift */,
				988E42CD1F6E9587008A67AF /* ListScreenViewModel.swift */,
			);
			name = ListScreen;
			sourceTree = "<group>";
		};
		98B373141F6FE37B00C5C6D8 /* Network */ = {
			isa = PBXGroup;
			children = (
				98B373151F6FE3A000C5C6D8 /* NetworkManager.swift */,
			);
			name = Network;
			sourceTree = "<group>";
		};
		98B373171F6FE70300C5C6D8 /* DataModel */ = {
			isa = PBXGroup;
			children = (
				98B3731B1F6FE93B00C5C6D8 /* Person.swift */,
			);
			name = DataModel;
			sourceTree = "<group>";
		};
		98B373181F6FE7D400C5C6D8 /* Common */ = {
			isa = PBXGroup;
			children = (
				98B373191F6FE7F000C5C6D8 /* Constants.swift */,
			);
			name = Common;
			sourceTree = "<group>";
		};
		C8406A18A0993C3318C6DB5A /* Pods */ = {
			isa = PBXGroup;
			children = (
				A46030F25FB4FAC4C906B8A1 /* Pods-DemoApp.debug.xcconfig */,
				688019CD34E9EF48BF48F56F /* Pods-DemoApp.release.xcconfig */,
			);
			name = Pods;
			sourceTree = "<group>";
		};
/* End PBXGroup section */

/* Begin PBXNativeTarget section */
		988E42B11F6E8FDE008A67AF /* DemoApp */ = {
			isa = PBXNativeTarget;
			buildConfigurationList = 988E42C41F6E8FDE008A67AF /* Build configuration list for PBXNativeTarget "DemoApp" */;
			buildPhases = (
				B60B6CDB38F7FAF3DC5EE10C /* [CP] Check Pods Manifest.lock */,
				988E42AE1F6E8FDE008A67AF /* Sources */,
				988E42AF1F6E8FDE008A67AF /* Frameworks */,
				988E42B01F6E8FDE008A67AF /* Resources */,
				434E0384CB8B73125EC23809 /* [CP] Embed Pods Frameworks */,
				4608E265EB552797C0A6CEDE /* [CP] Copy Pods Resources */,
			);
			buildRules = (
			);
			dependencies = (
			);
			name = DemoApp;
			productName = DemoApp;
			productReference = 988E42B21F6E8FDE008A67AF /* DemoApp.app */;
			productType = "com.apple.product-type.application";
		};
/* End PBXNativeTarget section */

/* Begin PBXProject section */
		988E42AA1F6E8FDE008A67AF /* Project object */ = {
			isa = PBXProject;
			attributes = {
				LastSwiftUpdateCheck = 0820;
				LastUpgradeCheck = 0820;
				ORGANIZATIONNAME = RS;
				TargetAttributes = {
					988E42B11F6E8FDE008A67AF = {
						CreatedOnToolsVersion = 8.2.1;
						DevelopmentTeam = 3G26RCMSRG;
						ProvisioningStyle = Automatic;
					};
				};
			};
			buildConfigurationList = 988E42AD1F6E8FDE008A67AF /* Build configuration list for PBXProject "DemoApp" */;
			compatibilityVersion = "Xcode 3.2";
			developmentRegion = English;
			hasScannedForEncodings = 0;
			knownRegions = (
				en,
				Base,
			);
			mainGroup = 988E42A91F6E8FDE008A67AF;
			productRefGroup = 988E42B31F6E8FDE008A67AF /* Products */;
			projectDirPath = "";
			projectRoot = "";
			targets = (
				988E42B11F6E8FDE008A67AF /* DemoApp */,
			);
		};
/* End PBXProject section */

/* Begin PBXResourcesBuildPhase section */
		988E42B01F6E8FDE008A67AF /* Resources */ = {
			isa = PBXResourcesBuildPhase;
			buildActionMask = 2147483647;
			files = (
				988E42C01F6E8FDE008A67AF /* LaunchScreen.storyboard in Resources */,
				988E42BD1F6E8FDE008A67AF /* Assets.xcassets in Resources */,
				988E42BB1F6E8FDE008A67AF /* Main.storyboard in Resources */,
			);
			runOnlyForDeploymentPostprocessing = 0;
		};
/* End PBXResourcesBuildPhase section */

/* Begin PBXShellScriptBuildPhase section */
		434E0384CB8B73125EC23809 /* [CP] Embed Pods Frameworks */ = {
			isa = PBXShellScriptBuildPhase;
			buildActionMask = 2147483647;
			files = (
			);
			inputPaths = (
			);
			name = "[CP] Embed Pods Frameworks";
			outputPaths = (
			);
			runOnlyForDeploymentPostprocessing = 0;
			shellPath = /bin/sh;
			shellScript = "\"${SRCROOT}/Pods/Target Support Files/Pods-DemoApp/Pods-DemoApp-frameworks.sh\"\n";
			showEnvVarsInLog = 0;
		};
		4608E265EB552797C0A6CEDE /* [CP] Copy Pods Resources */ = {
			isa = PBXShellScriptBuildPhase;
			buildActionMask = 2147483647;
			files = (
			);
			inputPaths = (
			);
			name = "[CP] Copy Pods Resources";
			outputPaths = (
			);
			runOnlyForDeploymentPostprocessing = 0;
			shellPath = /bin/sh;
			shellScript = "\"${SRCROOT}/Pods/Target Support Files/Pods-DemoApp/Pods-DemoApp-resources.sh\"\n";
			showEnvVarsInLog = 0;
		};
		B60B6CDB38F7FAF3DC5EE10C /* [CP] Check Pods Manifest.lock */ = {
			isa = PBXShellScriptBuildPhase;
			buildActionMask = 2147483647;
			files = (
			);
			inputPaths = (
			);
			name = "[CP] Check Pods Manifest.lock";
			outputPaths = (
			);
			runOnlyForDeploymentPostprocessing = 0;
			shellPath = /bin/sh;
			shellScript = "diff \"${PODS_ROOT}/../Podfile.lock\" \"${PODS_ROOT}/Manifest.lock\" > /dev/null\nif [ $? != 0 ] ; then\n    # print error to STDERR\n    echo \"error: The sandbox is not in sync with the Podfile.lock. Run 'pod install' or update your CocoaPods installation.\" >&2\n    exit 1\nfi\n";
			showEnvVarsInLog = 0;
		};
/* End PBXShellScriptBuildPhase section */

/* Begin PBXSourcesBuildPhase section */
		988E42AE1F6E8FDE008A67AF /* Sources */ = {
			isa = PBXSourcesBuildPhase;
			buildActionMask = 2147483647;
			files = (
				988E42CE1F6E9587008A67AF /* ListScreenViewModel.swift in Sources */,
				988E42CC1F6E935D008A67AF /* ListScreenTableViewCell.swift in Sources */,
				98B373161F6FE3A000C5C6D8 /* NetworkManager.swift in Sources */,
				988E42CA1F6E92C6008A67AF /* ListScreenViewController.swift in Sources */,
				98B3731C1F6FE93B00C5C6D8 /* Person.swift in Sources */,
				988E42B61F6E8FDE008A67AF /* AppDelegate.swift in Sources */,
				98B3731A1F6FE7F000C5C6D8 /* Constants.swift in Sources */,
			);
			runOnlyForDeploymentPostprocessing = 0;
		};
/* End PBXSourcesBuildPhase section */

/* Begin PBXVariantGroup section */
		988E42B91F6E8FDE008A67AF /* Main.storyboard */ = {
			isa = PBXVariantGroup;
			children = (
				988E42BA1F6E8FDE008A67AF /* Base */,
			);
			name = Main.storyboard;
			sourceTree = "<group>";
		};
		988E42BE1F6E8FDE008A67AF /* LaunchScreen.storyboard */ = {
			isa = PBXVariantGroup;
			children = (
				988E42BF1F6E8FDE008A67AF /* Base */,
			);
			name = LaunchScreen.storyboard;
			sourceTree = "<group>";
		};
/* End PBXVariantGroup section */

/* Begin XCBuildConfiguration section */
		988E42C21F6E8FDE008A67AF /* Debug */ = {
			isa = XCBuildConfiguration;
			buildSettings = {
				ALWAYS_SEARCH_USER_PATHS = NO;
				CLANG_ANALYZER_NONNULL = YES;
				CLANG_CXX_LANGUAGE_STANDARD = "gnu++0x";
				CLANG_CXX_LIBRARY = "libc++";
				CLANG_ENABLE_MODULES = YES;
				CLANG_ENABLE_OBJC_ARC = YES;
				CLANG_WARN_BOOL_CONVERSION = YES;
				CLANG_WARN_CONSTANT_CONVERSION = YES;
				CLANG_WARN_DIRECT_OBJC_ISA_USAGE = YES_ERROR;
				CLANG_WARN_DOCUMENTATION_COMMENTS = YES;
				CLANG_WARN_EMPTY_BODY = YES;
				CLANG_WARN_ENUM_CONVERSION = YES;
				CLANG_WARN_INFINITE_RECURSION = YES;
				CLANG_WARN_INT_CONVERSION = YES;
				CLANG_WARN_OBJC_ROOT_CLASS = YES_ERROR;
				CLANG_WARN_SUSPICIOUS_MOVE = YES;
				CLANG_WARN_UNREACHABLE_CODE = YES;
				CLANG_WARN__DUPLICATE_METHOD_MATCH = YES;
				"CODE_SIGN_IDENTITY[sdk=iphoneos*]" = "iPhone Developer";
				COPY_PHASE_STRIP = NO;
				DEBUG_INFORMATION_FORMAT = dwarf;
				ENABLE_STRICT_OBJC_MSGSEND = YES;
				ENABLE_TESTABILITY = YES;
				GCC_C_LANGUAGE_STANDARD = gnu99;
				GCC_DYNAMIC_NO_PIC = NO;
				GCC_NO_COMMON_BLOCKS = YES;
				GCC_OPTIMIZATION_LEVEL = 0;
				GCC_PREPROCESSOR_DEFINITIONS = (
					"DEBUG=1",
					"$(inherited)",
				);
				GCC_WARN_64_TO_32_BIT_CONVERSION = YES;
				GCC_WARN_ABOUT_RETURN_TYPE = YES_ERROR;
				GCC_WARN_UNDECLARED_SELECTOR = YES;
				GCC_WARN_UNINITIALIZED_AUTOS = YES_AGGRESSIVE;
				GCC_WARN_UNUSED_FUNCTION = YES;
				GCC_WARN_UNUSED_VARIABLE = YES;
				IPHONEOS_DEPLOYMENT_TARGET = 10.2;
				MTL_ENABLE_DEBUG_INFO = YES;
				ONLY_ACTIVE_ARCH = YES;
				SDKROOT = iphoneos;
				SWIFT_ACTIVE_COMPILATION_CONDITIONS = DEBUG;
				SWIFT_OPTIMIZATION_LEVEL = "-Onone";
			};
			name = Debug;
		};
		988E42C31F6E8FDE008A67AF /* Release */ = {
			isa = XCBuildConfiguration;
			buildSettings = {
				ALWAYS_SEARCH_USER_PATHS = NO;
				CLANG_ANALYZER_NONNULL = YES;
				CLANG_CXX_LANGUAGE_STANDARD = "gnu++0x";
				CLANG_CXX_LIBRARY = "libc++";
				CLANG_ENABLE_MODULES = YES;
				CLANG_ENABLE_OBJC_ARC = YES;
				CLANG_WARN_BOOL_CONVERSION = YES;
				CLANG_WARN_CONSTANT_CONVERSION = YES;
				CLANG_WARN_DIRECT_OBJC_ISA_USAGE = YES_ERROR;
				CLANG_WARN_DOCUMENTATION_COMMENTS = YES;
				CLANG_WARN_EMPTY_BODY = YES;
				CLANG_WARN_ENUM_CONVERSION = YES;
				CLANG_WARN_INFINITE_RECURSION = YES;
				CLANG_WARN_INT_CONVERSION = YES;
				CLANG_WARN_OBJC_ROOT_CLASS = YES_ERROR;
				CLANG_WARN_SUSPICIOUS_MOVE = YES;
				CLANG_WARN_UNREACHABLE_CODE = YES;
				CLANG_WARN__DUPLICATE_METHOD_MATCH = YES;
				"CODE_SIGN_IDENTITY[sdk=iphoneos*]" = "iPhone Developer";
				COPY_PHASE_STRIP = NO;
				DEBUG_INFORMATION_FORMAT = "dwarf-with-dsym";
				ENABLE_NS_ASSERTIONS = NO;
				ENABLE_STRICT_OBJC_MSGSEND = YES;
				GCC_C_LANGUAGE_STANDARD = gnu99;
				GCC_NO_COMMON_BLOCKS = YES;
				GCC_WARN_64_TO_32_BIT_CONVERSION = YES;
				GCC_WARN_ABOUT_RETURN_TYPE = YES_ERROR;
				GCC_WARN_UNDECLARED_SELECTOR = YES;
				GCC_WARN_UNINITIALIZED_AUTOS = YES_AGGRESSIVE;
				GCC_WARN_UNUSED_FUNCTION = YES;
				GCC_WARN_UNUSED_VARIABLE = YES;
				IPHONEOS_DEPLOYMENT_TARGET = 10.2;
				MTL_ENABLE_DEBUG_INFO = NO;
				SDKROOT = iphoneos;
				SWIFT_OPTIMIZATION_LEVEL = "-Owholemodule";
				VALIDATE_PRODUCT = YES;
			};
			name = Release;
		};
		988E42C51F6E8FDE008A67AF /* Debug */ = {
			isa = XCBuildConfiguration;
			baseConfigurationReference = A46030F25FB4FAC4C906B8A1 /* Pods-DemoApp.debug.xcconfig */;
			buildSettings = {
				ASSETCATALOG_COMPILER_APPICON_NAME = AppIcon;
				DEVELOPMENT_TEAM = 3G26RCMSRG;
				INFOPLIST_FILE = DemoApp/Info.plist;
				LD_RUNPATH_SEARCH_PATHS = "$(inherited) @executable_path/Frameworks";
				PRODUCT_BUNDLE_IDENTIFIER = com.rstefan.DemoApp;
				PRODUCT_NAME = "$(TARGET_NAME)";
				SWIFT_VERSION = 3.0;
			};
			name = Debug;
		};
		988E42C61F6E8FDE008A67AF /* Release */ = {
			isa = XCBuildConfiguration;
			baseConfigurationReference = 688019CD34E9EF48BF48F56F /* Pods-DemoApp.release.xcconfig */;
			buildSettings = {
				ASSETCATALOG_COMPILER_APPICON_NAME = AppIcon;
				DEVELOPMENT_TEAM = 3G26RCMSRG;
				INFOPLIST_FILE = DemoApp/Info.plist;
				LD_RUNPATH_SEARCH_PATHS = "$(inherited) @executable_path/Frameworks";
				PRODUCT_BUNDLE_IDENTIFIER = com.rstefan.DemoApp;
				PRODUCT_NAME = "$(TARGET_NAME)";
				SWIFT_VERSION = 3.0;
			};
			name = Release;
		};
/* End XCBuildConfiguration section */

/* Begin XCConfigurationList section */
		988E42AD1F6E8FDE008A67AF /* Build configuration list for PBXProject "DemoApp" */ = {
			isa = XCConfigurationList;
			buildConfigurations = (
				988E42C21F6E8FDE008A67AF /* Debug */,
				988E42C31F6E8FDE008A67AF /* Release */,
			);
			defaultConfigurationIsVisible = 0;
			defaultConfigurationName = Release;
		};
		988E42C41F6E8FDE008A67AF /* Build configuration list for PBXNativeTarget "DemoApp" */ = {
			isa = XCConfigurationList;
			buildConfigurations = (
				988E42C51F6E8FDE008A67AF /* Debug */,
				988E42C61F6E8FDE008A67AF /* Release */,
			);
			defaultConfigurationIsVisible = 0;
			defaultConfigurationName = Release;
		};
/* End XCConfigurationList section */
	};
	rootObject = 988E42AA1F6E8FDE008A67AF /* Project object */;
}
